// !$*UTF8*$!
{
	archiveVersion = 1;
	classes = {
	};
	objectVersion = 51;
	objects = {

/* Begin PBXBuildFile section */
		0B473D2B4D746F1C4B6B1F60 /* Pods_VirtualTourist.framework in Frameworks */ = {isa = PBXBuildFile; fileRef = 164F1BE1A9977691C2C647C2 /* Pods_VirtualTourist.framework */; };
		883BA50F24EC47570041A013 /* AppDelegate.swift in Sources */ = {isa = PBXBuildFile; fileRef = 883BA50E24EC47570041A013 /* AppDelegate.swift */; };
		883BA51124EC47570041A013 /* ViewController.swift in Sources */ = {isa = PBXBuildFile; fileRef = 883BA51024EC47570041A013 /* ViewController.swift */; };
		883BA51424EC47570041A013 /* Main.storyboard in Resources */ = {isa = PBXBuildFile; fileRef = 883BA51224EC47570041A013 /* Main.storyboard */; };
		883BA51624EC47580041A013 /* Assets.xcassets in Resources */ = {isa = PBXBuildFile; fileRef = 883BA51524EC47580041A013 /* Assets.xcassets */; };
		883BA51924EC47580041A013 /* LaunchScreen.storyboard in Resources */ = {isa = PBXBuildFile; fileRef = 883BA51724EC47580041A013 /* LaunchScreen.storyboard */; };
		883BA52424EC47590041A013 /* VirtualTouristTests.swift in Sources */ = {isa = PBXBuildFile; fileRef = 883BA52324EC47590041A013 /* VirtualTouristTests.swift */; };
		884CFD8024EED59B00A4797C /* FlickrData.swift in Sources */ = {isa = PBXBuildFile; fileRef = 884CFD7F24EED59B00A4797C /* FlickrData.swift */; };
		888889E624F2DDDA004D1FB1 /* CollectionViewController.swift in Sources */ = {isa = PBXBuildFile; fileRef = 888889E524F2DDDA004D1FB1 /* CollectionViewController.swift */; };
		888889E824F2DE14004D1FB1 /* CollectionViewCell.swift in Sources */ = {isa = PBXBuildFile; fileRef = 888889E724F2DE14004D1FB1 /* CollectionViewCell.swift */; };
		88B6B83424FC5580000E2F99 /* FlickrAPI.swift in Sources */ = {isa = PBXBuildFile; fileRef = 88B6B83324FC5580000E2F99 /* FlickrAPI.swift */; };
		88B6B83724FD3389000E2F99 /* VirtualTourist.xcdatamodeld in Sources */ = {isa = PBXBuildFile; fileRef = 88B6B83524FD3389000E2F99 /* VirtualTourist.xcdatamodeld */; };
		88B6B83924FD3956000E2F99 /* DataController.swift in Sources */ = {isa = PBXBuildFile; fileRef = 88B6B83824FD3956000E2F99 /* DataController.swift */; };
/* End PBXBuildFile section */

/* Begin PBXContainerItemProxy section */
		883BA52024EC47590041A013 /* PBXContainerItemProxy */ = {
			isa = PBXContainerItemProxy;
			containerPortal = 883BA50324EC47570041A013 /* Project object */;
			proxyType = 1;
			remoteGlobalIDString = 883BA50A24EC47570041A013;
			remoteInfo = VirtualTourist;
		};
/* End PBXContainerItemProxy section */

/* Begin PBXFileReference section */
		164F1BE1A9977691C2C647C2 /* Pods_VirtualTourist.framework */ = {isa = PBXFileReference; explicitFileType = wrapper.framework; includeInIndex = 0; path = Pods_VirtualTourist.framework; sourceTree = BUILT_PRODUCTS_DIR; };
		7E2E8CDE351825D76F7B60CB /* Pods-VirtualTourist.debug.xcconfig */ = {isa = PBXFileReference; includeInIndex = 1; lastKnownFileType = text.xcconfig; name = "Pods-VirtualTourist.debug.xcconfig"; path = "Target Support Files/Pods-VirtualTourist/Pods-VirtualTourist.debug.xcconfig"; sourceTree = "<group>"; };
		883BA50B24EC47570041A013 /* VirtualTourist.app */ = {isa = PBXFileReference; explicitFileType = wrapper.application; includeInIndex = 0; path = VirtualTourist.app; sourceTree = BUILT_PRODUCTS_DIR; };
		883BA50E24EC47570041A013 /* AppDelegate.swift */ = {isa = PBXFileReference; lastKnownFileType = sourcecode.swift; path = AppDelegate.swift; sourceTree = "<group>"; };
		883BA51024EC47570041A013 /* ViewController.swift */ = {isa = PBXFileReference; lastKnownFileType = sourcecode.swift; path = ViewController.swift; sourceTree = "<group>"; };
		883BA51324EC47570041A013 /* Base */ = {isa = PBXFileReference; lastKnownFileType = file.storyboard; name = Base; path = Base.lproj/Main.storyboard; sourceTree = "<group>"; };
		883BA51524EC47580041A013 /* Assets.xcassets */ = {isa = PBXFileReference; lastKnownFileType = folder.assetcatalog; path = Assets.xcassets; sourceTree = "<group>"; };
		883BA51824EC47580041A013 /* Base */ = {isa = PBXFileReference; lastKnownFileType = file.storyboard; name = Base; path = Base.lproj/LaunchScreen.storyboard; sourceTree = "<group>"; };
		883BA51A24EC47580041A013 /* Info.plist */ = {isa = PBXFileReference; lastKnownFileType = text.plist.xml; path = Info.plist; sourceTree = "<group>"; };
		883BA51F24EC47590041A013 /* VirtualTouristTests.xctest */ = {isa = PBXFileReference; explicitFileType = wrapper.cfbundle; includeInIndex = 0; path = VirtualTouristTests.xctest; sourceTree = BUILT_PRODUCTS_DIR; };
		883BA52324EC47590041A013 /* VirtualTouristTests.swift */ = {isa = PBXFileReference; lastKnownFileType = sourcecode.swift; path = VirtualTouristTests.swift; sourceTree = "<group>"; };
		883BA52524EC47590041A013 /* Info.plist */ = {isa = PBXFileReference; lastKnownFileType = text.plist.xml; path = Info.plist; sourceTree = "<group>"; };
		884CFD7F24EED59B00A4797C /* FlickrData.swift */ = {isa = PBXFileReference; lastKnownFileType = sourcecode.swift; path = FlickrData.swift; sourceTree = "<group>"; };
		888889E524F2DDDA004D1FB1 /* CollectionViewController.swift */ = {isa = PBXFileReference; lastKnownFileType = sourcecode.swift; path = CollectionViewController.swift; sourceTree = "<group>"; };
		888889E724F2DE14004D1FB1 /* CollectionViewCell.swift */ = {isa = PBXFileReference; lastKnownFileType = sourcecode.swift; path = CollectionViewCell.swift; sourceTree = "<group>"; };
		88B6B83324FC5580000E2F99 /* FlickrAPI.swift */ = {isa = PBXFileReference; lastKnownFileType = sourcecode.swift; path = FlickrAPI.swift; sourceTree = "<group>"; };
		88B6B83624FD3389000E2F99 /* VirtualTourist.xcdatamodel */ = {isa = PBXFileReference; lastKnownFileType = wrapper.xcdatamodel; path = VirtualTourist.xcdatamodel; sourceTree = "<group>"; };
		88B6B83824FD3956000E2F99 /* DataController.swift */ = {isa = PBXFileReference; lastKnownFileType = sourcecode.swift; path = DataController.swift; sourceTree = "<group>"; };
		CC7CD6C896E2CCFC351CE51D /* Pods-VirtualTourist.release.xcconfig */ = {isa = PBXFileReference; includeInIndex = 1; lastKnownFileType = text.xcconfig; name = "Pods-VirtualTourist.release.xcconfig"; path = "Target Support Files/Pods-VirtualTourist/Pods-VirtualTourist.release.xcconfig"; sourceTree = "<group>"; };
/* End PBXFileReference section */

/* Begin PBXFrameworksBuildPhase section */
		883BA50824EC47570041A013 /* Frameworks */ = {
			isa = PBXFrameworksBuildPhase;
			buildActionMask = 2147483647;
			files = (
				0B473D2B4D746F1C4B6B1F60 /* Pods_VirtualTourist.framework in Frameworks */,
			);
			runOnlyForDeploymentPostprocessing = 0;
		};
		883BA51C24EC47590041A013 /* Frameworks */ = {
			isa = PBXFrameworksBuildPhase;
			buildActionMask = 2147483647;
			files = (
			);
			runOnlyForDeploymentPostprocessing = 0;
		};
/* End PBXFrameworksBuildPhase section */

/* Begin PBXGroup section */
		883BA50224EC47570041A013 = {
			isa = PBXGroup;
			children = (
				883BA50D24EC47570041A013 /* VirtualTourist */,
				883BA52224EC47590041A013 /* VirtualTouristTests */,
				883BA50C24EC47570041A013 /* Products */,
				ACD78D49BA3578484416AE4E /* Pods */,
				A5D144B2206B547704A2283E /* Frameworks */,
			);
			sourceTree = "<group>";
		};
		883BA50C24EC47570041A013 /* Products */ = {
			isa = PBXGroup;
			children = (
				883BA50B24EC47570041A013 /* VirtualTourist.app */,
				883BA51F24EC47590041A013 /* VirtualTouristTests.xctest */,
			);
			name = Products;
			sourceTree = "<group>";
		};
		883BA50D24EC47570041A013 /* VirtualTourist */ = {
			isa = PBXGroup;
			children = (
				884CFD7C24ED839C00A4797C /* Extentions */,
				884CFD7B24ED838B00A4797C /* Models */,
				884CFD7A24ED837D00A4797C /* Network */,
				884CFD7924ED836400A4797C /* Controllers */,
				883BA50E24EC47570041A013 /* AppDelegate.swift */,
				883BA51224EC47570041A013 /* Main.storyboard */,
				883BA51524EC47580041A013 /* Assets.xcassets */,
				883BA51724EC47580041A013 /* LaunchScreen.storyboard */,
				883BA51A24EC47580041A013 /* Info.plist */,
			);
			path = VirtualTourist;
			sourceTree = "<group>";
		};
		883BA52224EC47590041A013 /* VirtualTouristTests */ = {
			isa = PBXGroup;
			children = (
				883BA52324EC47590041A013 /* VirtualTouristTests.swift */,
				883BA52524EC47590041A013 /* Info.plist */,
			);
			path = VirtualTouristTests;
			sourceTree = "<group>";
		};
		884CFD7924ED836400A4797C /* Controllers */ = {
			isa = PBXGroup;
			children = (
				883BA51024EC47570041A013 /* ViewController.swift */,
				888889E524F2DDDA004D1FB1 /* CollectionViewController.swift */,
				888889E724F2DE14004D1FB1 /* CollectionViewCell.swift */,
			);
			path = Controllers;
			sourceTree = "<group>";
		};
		884CFD7A24ED837D00A4797C /* Network */ = {
			isa = PBXGroup;
			children = (
				88B6B83324FC5580000E2F99 /* FlickrAPI.swift */,
			);
			path = Network;
			sourceTree = "<group>";
		};
		884CFD7B24ED838B00A4797C /* Models */ = {
			isa = PBXGroup;
			children = (
				884CFD7F24EED59B00A4797C /* FlickrData.swift */,
				88B6B83524FD3389000E2F99 /* VirtualTourist.xcdatamodeld */,
				88B6B83824FD3956000E2F99 /* DataController.swift */,
			);
			path = Models;
			sourceTree = "<group>";
		};
		884CFD7C24ED839C00A4797C /* Extentions */ = {
			isa = PBXGroup;
			children = (
			);
			path = Extentions;
			sourceTree = "<group>";
		};
		A5D144B2206B547704A2283E /* Frameworks */ = {
			isa = PBXGroup;
			children = (
				164F1BE1A9977691C2C647C2 /* Pods_VirtualTourist.framework */,
			);
			name = Frameworks;
			sourceTree = "<group>";
		};
		ACD78D49BA3578484416AE4E /* Pods */ = {
			isa = PBXGroup;
			children = (
				7E2E8CDE351825D76F7B60CB /* Pods-VirtualTourist.debug.xcconfig */,
				CC7CD6C896E2CCFC351CE51D /* Pods-VirtualTourist.release.xcconfig */,
			);
			path = Pods;
			sourceTree = "<group>";
		};
/* End PBXGroup section */

/* Begin PBXNativeTarget section */
		883BA50A24EC47570041A013 /* VirtualTourist */ = {
			isa = PBXNativeTarget;
			buildConfigurationList = 883BA52824EC47590041A013 /* Build configuration list for PBXNativeTarget "VirtualTourist" */;
			buildPhases = (
				944FB5D6361D2A5BB859905B /* [CP] Check Pods Manifest.lock */,
				883BA50724EC47570041A013 /* Sources */,
				883BA50824EC47570041A013 /* Frameworks */,
				883BA50924EC47570041A013 /* Resources */,
				7BA3090C09DC9178936D310D /* [CP] Embed Pods Frameworks */,
			);
			buildRules = (
			);
			dependencies = (
			);
			name = VirtualTourist;
			productName = VirtualTourist;
			productReference = 883BA50B24EC47570041A013 /* VirtualTourist.app */;
			productType = "com.apple.product-type.application";
		};
		883BA51E24EC47590041A013 /* VirtualTouristTests */ = {
			isa = PBXNativeTarget;
			buildConfigurationList = 883BA52B24EC47590041A013 /* Build configuration list for PBXNativeTarget "VirtualTouristTests" */;
			buildPhases = (
				883BA51B24EC47590041A013 /* Sources */,
				883BA51C24EC47590041A013 /* Frameworks */,
				883BA51D24EC47590041A013 /* Resources */,
			);
			buildRules = (
			);
			dependencies = (
				883BA52124EC47590041A013 /* PBXTargetDependency */,
			);
			name = VirtualTouristTests;
			productName = VirtualTouristTests;
			productReference = 883BA51F24EC47590041A013 /* VirtualTouristTests.xctest */;
			productType = "com.apple.product-type.bundle.unit-test";
		};
/* End PBXNativeTarget section */

/* Begin PBXProject section */
		883BA50324EC47570041A013 /* Project object */ = {
			isa = PBXProject;
			attributes = {
				LastSwiftUpdateCheck = 1010;
				LastUpgradeCheck = 1010;
				ORGANIZATIONNAME = Abrar;
				TargetAttributes = {
					883BA50A24EC47570041A013 = {
						CreatedOnToolsVersion = 10.1;
					};
					883BA51E24EC47590041A013 = {
						CreatedOnToolsVersion = 10.1;
						TestTargetID = 883BA50A24EC47570041A013;
					};
				};
			};
			buildConfigurationList = 883BA50624EC47570041A013 /* Build configuration list for PBXProject "VirtualTourist" */;
			compatibilityVersion = "Xcode 9.3";
			developmentRegion = en;
			hasScannedForEncodings = 0;
			knownRegions = (
				en,
				Base,
			);
			mainGroup = 883BA50224EC47570041A013;
			productRefGroup = 883BA50C24EC47570041A013 /* Products */;
			projectDirPath = "";
			projectRoot = "";
			targets = (
				883BA50A24EC47570041A013 /* VirtualTourist */,
				883BA51E24EC47590041A013 /* VirtualTouristTests */,
			);
		};
/* End PBXProject section */

/* Begin PBXResourcesBuildPhase section */
		883BA50924EC47570041A013 /* Resources */ = {
			isa = PBXResourcesBuildPhase;
			buildActionMask = 2147483647;
			files = (
				883BA51924EC47580041A013 /* LaunchScreen.storyboard in Resources */,
				883BA51624EC47580041A013 /* Assets.xcassets in Resources */,
				883BA51424EC47570041A013 /* Main.storyboard in Resources */,
			);
			runOnlyForDeploymentPostprocessing = 0;
		};
		883BA51D24EC47590041A013 /* Resources */ = {
			isa = PBXResourcesBuildPhase;
			buildActionMask = 2147483647;
			files = (
			);
			runOnlyForDeploymentPostprocessing = 0;
		};
/* End PBXResourcesBuildPhase section */

/* Begin PBXShellScriptBuildPhase section */
		7BA3090C09DC9178936D310D /* [CP] Embed Pods Frameworks */ = {
			isa = PBXShellScriptBuildPhase;
			buildActionMask = 2147483647;
			files = (
			);
			inputFileListPaths = (
				"${PODS_ROOT}/Target Support Files/Pods-VirtualTourist/Pods-VirtualTourist-frameworks-${CONFIGURATION}-input-files.xcfilelist",
			);
			name = "[CP] Embed Pods Frameworks";
			outputFileListPaths = (
				"${PODS_ROOT}/Target Support Files/Pods-VirtualTourist/Pods-VirtualTourist-frameworks-${CONFIGURATION}-output-files.xcfilelist",
			);
			runOnlyForDeploymentPostprocessing = 0;
			shellPath = /bin/sh;
			shellScript = "\"${PODS_ROOT}/Target Support Files/Pods-VirtualTourist/Pods-VirtualTourist-frameworks.sh\"\n";
			showEnvVarsInLog = 0;
		};
		944FB5D6361D2A5BB859905B /* [CP] Check Pods Manifest.lock */ = {
			isa = PBXShellScriptBuildPhase;
			buildActionMask = 2147483647;
			files = (
			);
			inputFileListPaths = (
			);
			inputPaths = (
				"${PODS_PODFILE_DIR_PATH}/Podfile.lock",
				"${PODS_ROOT}/Manifest.lock",
			);
			name = "[CP] Check Pods Manifest.lock";
			outputFileListPaths = (
			);
			outputPaths = (
				"$(DERIVED_FILE_DIR)/Pods-VirtualTourist-checkManifestLockResult.txt",
			);
			runOnlyForDeploymentPostprocessing = 0;
			shellPath = /bin/sh;
			shellScript = "diff \"${PODS_PODFILE_DIR_PATH}/Podfile.lock\" \"${PODS_ROOT}/Manifest.lock\" > /dev/null\nif [ $? != 0 ] ; then\n    # print error to STDERR\n    echo \"error: The sandbox is not in sync with the Podfile.lock. Run 'pod install' or update your CocoaPods installation.\" >&2\n    exit 1\nfi\n# This output is used by Xcode 'outputs' to avoid re-running this script phase.\necho \"SUCCESS\" > \"${SCRIPT_OUTPUT_FILE_0}\"\n";
			showEnvVarsInLog = 0;
		};
/* End PBXShellScriptBuildPhase section */

/* Begin PBXSourcesBuildPhase section */
		883BA50724EC47570041A013 /* Sources */ = {
			isa = PBXSourcesBuildPhase;
			buildActionMask = 2147483647;
			files = (
				88B6B83724FD3389000E2F99 /* VirtualTourist.xcdatamodeld in Sources */,
				884CFD8024EED59B00A4797C /* FlickrData.swift in Sources */,
				88B6B83424FC5580000E2F99 /* FlickrAPI.swift in Sources */,
				888889E824F2DE14004D1FB1 /* CollectionViewCell.swift in Sources */,
				883BA51124EC47570041A013 /* ViewController.swift in Sources */,
				88B6B83924FD3956000E2F99 /* DataController.swift in Sources */,
				883BA50F24EC47570041A013 /* AppDelegate.swift in Sources */,
				888889E624F2DDDA004D1FB1 /* CollectionViewController.swift in Sources */,
			);
			runOnlyForDeploymentPostprocessing = 0;
		};
		883BA51B24EC47590041A013 /* Sources */ = {
			isa = PBXSourcesBuildPhase;
			buildActionMask = 2147483647;
			files = (
				883BA52424EC47590041A013 /* VirtualTouristTests.swift in Sources */,
			);
			runOnlyForDeploymentPostprocessing = 0;
		};
/* End PBXSourcesBuildPhase section */

/* Begin PBXTargetDependency section */
		883BA52124EC47590041A013 /* PBXTargetDependency */ = {
			isa = PBXTargetDependency;
			target = 883BA50A24EC47570041A013 /* VirtualTourist */;
			targetProxy = 883BA52024EC47590041A013 /* PBXContainerItemProxy */;
		};
/* End PBXTargetDependency section */

/* Begin PBXVariantGroup section */
		883BA51224EC47570041A013 /* Main.storyboard */ = {
			isa = PBXVariantGroup;
			children = (
				883BA51324EC47570041A013 /* Base */,
			);
			name = Main.storyboard;
			sourceTree = "<group>";
		};
		883BA51724EC47580041A013 /* LaunchScreen.storyboard */ = {
			isa = PBXVariantGroup;
			children = (
				883BA51824EC47580041A013 /* Base */,
			);
			name = LaunchScreen.storyboard;
			sourceTree = "<group>";
		};
/* End PBXVariantGroup section */

/* Begin XCBuildConfiguration section */
		883BA52624EC47590041A013 /* Debug */ = {
			isa = XCBuildConfiguration;
			buildSettings = {
				ALWAYS_SEARCH_USER_PATHS = NO;
				CLANG_ANALYZER_NONNULL = YES;
				CLANG_ANALYZER_NUMBER_OBJECT_CONVERSION = YES_AGGRESSIVE;
				CLANG_CXX_LANGUAGE_STANDARD = "gnu++14";
				CLANG_CXX_LIBRARY = "libc++";
				CLANG_ENABLE_MODULES = YES;
				CLANG_ENABLE_OBJC_ARC = YES;
				CLANG_ENABLE_OBJC_WEAK = YES;
				CLANG_WARN_BLOCK_CAPTURE_AUTORELEASING = YES;
				CLANG_WARN_BOOL_CONVERSION = YES;
				CLANG_WARN_COMMA = YES;
				CLANG_WARN_CONSTANT_CONVERSION = YES;
				CLANG_WARN_DEPRECATED_OBJC_IMPLEMENTATIONS = YES;
				CLANG_WARN_DIRECT_OBJC_ISA_USAGE = YES_ERROR;
				CLANG_WARN_DOCUMENTATION_COMMENTS = YES;
				CLANG_WARN_EMPTY_BODY = YES;
				CLANG_WARN_ENUM_CONVERSION = YES;
				CLANG_WARN_INFINITE_RECURSION = YES;
				CLANG_WARN_INT_CONVERSION = YES;
				CLANG_WARN_NON_LITERAL_NULL_CONVERSION = YES;
				CLANG_WARN_OBJC_IMPLICIT_RETAIN_SELF = YES;
				CLANG_WARN_OBJC_LITERAL_CONVERSION = YES;
				CLANG_WARN_OBJC_ROOT_CLASS = YES_ERROR;
				CLANG_WARN_RANGE_LOOP_ANALYSIS = YES;
				CLANG_WARN_STRICT_PROTOTYPES = YES;
				CLANG_WARN_SUSPICIOUS_MOVE = YES;
				CLANG_WARN_UNGUARDED_AVAILABILITY = YES_AGGRESSIVE;
				CLANG_WARN_UNREACHABLE_CODE = YES;
				CLANG_WARN__DUPLICATE_METHOD_MATCH = YES;
				CODE_SIGN_IDENTITY = "iPhone Developer";
				COPY_PHASE_STRIP = NO;
				DEBUG_INFORMATION_FORMAT = dwarf;
				ENABLE_STRICT_OBJC_MSGSEND = YES;
				ENABLE_TESTABILITY = YES;
				GCC_C_LANGUAGE_STANDARD = gnu11;
				GCC_DYNAMIC_NO_PIC = NO;
				GCC_NO_COMMON_BLOCKS = YES;
				GCC_OPTIMIZATION_LEVEL = 0;
				GCC_PREPROCESSOR_DEFINITIONS = (
					"DEBUG=1",
					"$(inherited)",
				);
				GCC_WARN_64_TO_32_BIT_CONVERSION = YES;
				GCC_WARN_ABOUT_RETURN_TYPE = YES_ERROR;
				GCC_WARN_UNDECLARED_SELECTOR = YES;
				GCC_WARN_UNINITIALIZED_AUTOS = YES_AGGRESSIVE;
				GCC_WARN_UNUSED_FUNCTION = YES;
				GCC_WARN_UNUSED_VARIABLE = YES;
				IPHONEOS_DEPLOYMENT_TARGET = 12.1;
				MTL_ENABLE_DEBUG_INFO = INCLUDE_SOURCE;
				MTL_FAST_MATH = YES;
				ONLY_ACTIVE_ARCH = YES;
				SDKROOT = iphoneos;
				SWIFT_ACTIVE_COMPILATION_CONDITIONS = DEBUG;
				SWIFT_OPTIMIZATION_LEVEL = "-Onone";
			};
			name = Debug;
		};
		883BA52724EC47590041A013 /* Release */ = {
			isa = XCBuildConfiguration;
			buildSettings = {
				ALWAYS_SEARCH_USER_PATHS = NO;
				CLANG_ANALYZER_NONNULL = YES;
				CLANG_ANALYZER_NUMBER_OBJECT_CONVERSION = YES_AGGRESSIVE;
				CLANG_CXX_LANGUAGE_STANDARD = "gnu++14";
				CLANG_CXX_LIBRARY = "libc++";
				CLANG_ENABLE_MODULES = YES;
				CLANG_ENABLE_OBJC_ARC = YES;
				CLANG_ENABLE_OBJC_WEAK = YES;
				CLANG_WARN_BLOCK_CAPTURE_AUTORELEASING = YES;
				CLANG_WARN_BOOL_CONVERSION = YES;
				CLANG_WARN_COMMA = YES;
				CLANG_WARN_CONSTANT_CONVERSION = YES;
				CLANG_WARN_DEPRECATED_OBJC_IMPLEMENTATIONS = YES;
				CLANG_WARN_DIRECT_OBJC_ISA_USAGE = YES_ERROR;
				CLANG_WARN_DOCUMENTATION_COMMENTS = YES;
				CLANG_WARN_EMPTY_BODY = YES;
				CLANG_WARN_ENUM_CONVERSION = YES;
				CLANG_WARN_INFINITE_RECURSION = YES;
				CLANG_WARN_INT_CONVERSION = YES;
				CLANG_WARN_NON_LITERAL_NULL_CONVERSION = YES;
				CLANG_WARN_OBJC_IMPLICIT_RETAIN_SELF = YES;
				CLANG_WARN_OBJC_LITERAL_CONVERSION = YES;
				CLANG_WARN_OBJC_ROOT_CLASS = YES_ERROR;
				CLANG_WARN_RANGE_LOOP_ANALYSIS = YES;
				CLANG_WARN_STRICT_PROTOTYPES = YES;
				CLANG_WARN_SUSPICIOUS_MOVE = YES;
				CLANG_WARN_UNGUARDED_AVAILABILITY = YES_AGGRESSIVE;
				CLANG_WARN_UNREACHABLE_CODE = YES;
				CLANG_WARN__DUPLICATE_METHOD_MATCH = YES;
				CODE_SIGN_IDENTITY = "iPhone Developer";
				COPY_PHASE_STRIP = NO;
				DEBUG_INFORMATION_FORMAT = "dwarf-with-dsym";
				ENABLE_NS_ASSERTIONS = NO;
				ENABLE_STRICT_OBJC_MSGSEND = YES;
				GCC_C_LANGUAGE_STANDARD = gnu11;
				GCC_NO_COMMON_BLOCKS = YES;
				GCC_WARN_64_TO_32_BIT_CONVERSION = YES;
				GCC_WARN_ABOUT_RETURN_TYPE = YES_ERROR;
				GCC_WARN_UNDECLARED_SELECTOR = YES;
				GCC_WARN_UNINITIALIZED_AUTOS = YES_AGGRESSIVE;
				GCC_WARN_UNUSED_FUNCTION = YES;
				GCC_WARN_UNUSED_VARIABLE = YES;
				IPHONEOS_DEPLOYMENT_TARGET = 12.1;
				MTL_ENABLE_DEBUG_INFO = NO;
				MTL_FAST_MATH = YES;
				SDKROOT = iphoneos;
				SWIFT_COMPILATION_MODE = wholemodule;
				SWIFT_OPTIMIZATION_LEVEL = "-O";
				VALIDATE_PRODUCT = YES;
			};
			name = Release;
		};
		883BA52924EC47590041A013 /* Debug */ = {
			isa = XCBuildConfiguration;
			baseConfigurationReference = 7E2E8CDE351825D76F7B60CB /* Pods-VirtualTourist.debug.xcconfig */;
			buildSettings = {
				ASSETCATALOG_COMPILER_APPICON_NAME = AppIcon;
				CODE_SIGN_STYLE = Automatic;
				INFOPLIST_FILE = VirtualTourist/Info.plist;
				LD_RUNPATH_SEARCH_PATHS = (
					"$(inherited)",
					"@executable_path/Frameworks",
				);
				PRODUCT_BUNDLE_IDENTIFIER = abrar.me.VirtualTourist;
				PRODUCT_NAME = "$(TARGET_NAME)";
				SWIFT_VERSION = 4.2;
				TARGETED_DEVICE_FAMILY = "1,2";
			};
			name = Debug;
		};
		883BA52A24EC47590041A013 /* Release */ = {
			isa = XCBuildConfiguration;
			baseConfigurationReference = CC7CD6C896E2CCFC351CE51D /* Pods-VirtualTourist.release.xcconfig */;
			buildSettings = {
				ASSETCATALOG_COMPILER_APPICON_NAME = AppIcon;
				CODE_SIGN_STYLE = Automatic;
				INFOPLIST_FILE = VirtualTourist/Info.plist;
				LD_RUNPATH_SEARCH_PATHS = (
					"$(inherited)",
					"@executable_path/Frameworks",
				);
				PRODUCT_BUNDLE_IDENTIFIER = abrar.me.VirtualTourist;
				PRODUCT_NAME = "$(TARGET_NAME)";
				SWIFT_VERSION = 4.2;
				TARGETED_DEVICE_FAMILY = "1,2";
			};
			name = Release;
		};
		883BA52C24EC47590041A013 /* Debug */ = {
			isa = XCBuildConfiguration;
			buildSettings = {
				ALWAYS_EMBED_SWIFT_STANDARD_LIBRARIES = YES;
				BUNDLE_LOADER = "$(TEST_HOST)";
				CODE_SIGN_STYLE = Automatic;
				INFOPLIST_FILE = VirtualTouristTests/Info.plist;
				LD_RUNPATH_SEARCH_PATHS = (
					"$(inherited)",
					"@executable_path/Frameworks",
					"@loader_path/Frameworks",
				);
				PRODUCT_BUNDLE_IDENTIFIER = abrar.me.VirtualTouristTests;
				PRODUCT_NAME = "$(TARGET_NAME)";
				SWIFT_VERSION = 4.2;
				TARGETED_DEVICE_FAMILY = "1,2";
				TEST_HOST = "$(BUILT_PRODUCTS_DIR)/VirtualTourist.app/VirtualTourist";
			};
			name = Debug;
		};
		883BA52D24EC47590041A013 /* Release */ = {
			isa = XCBuildConfiguration;
			buildSettings = {
				ALWAYS_EMBED_SWIFT_STANDARD_LIBRARIES = YES;
				BUNDLE_LOADER = "$(TEST_HOST)";
				CODE_SIGN_STYLE = Automatic;
				INFOPLIST_FILE = VirtualTouristTests/Info.plist;
				LD_RUNPATH_SEARCH_PATHS = (
					"$(inherited)",
					"@executable_path/Frameworks",
					"@loader_path/Frameworks",
				);
				PRODUCT_BUNDLE_IDENTIFIER = abrar.me.VirtualTouristTests;
				PRODUCT_NAME = "$(TARGET_NAME)";
				SWIFT_VERSION = 4.2;
				TARGETED_DEVICE_FAMILY = "1,2";
				TEST_HOST = "$(BUILT_PRODUCTS_DIR)/VirtualTourist.app/VirtualTourist";
			};
			name = Release;
		};
/* End XCBuildConfiguration section */

/* Begin XCConfigurationList section */
		883BA50624EC47570041A013 /* Build configuration list for PBXProject "VirtualTourist" */ = {
			isa = XCConfigurationList;
			buildConfigurations = (
				883BA52624EC47590041A013 /* Debug */,
				883BA52724EC47590041A013 /* Release */,
			);
			defaultConfigurationIsVisible = 0;
			defaultConfigurationName = Release;
		};
		883BA52824EC47590041A013 /* Build configuration list for PBXNativeTarget "VirtualTourist" */ = {
			isa = XCConfigurationList;
			buildConfigurations = (
				883BA52924EC47590041A013 /* Debug */,
				883BA52A24EC47590041A013 /* Release */,
			);
			defaultConfigurationIsVisible = 0;
			defaultConfigurationName = Release;
		};
		883BA52B24EC47590041A013 /* Build configuration list for PBXNativeTarget "VirtualTouristTests" */ = {
			isa = XCConfigurationList;
			buildConfigurations = (
				883BA52C24EC47590041A013 /* Debug */,
				883BA52D24EC47590041A013 /* Release */,
			);
			defaultConfigurationIsVisible = 0;
			defaultConfigurationName = Release;
		};
/* End XCConfigurationList section */

/* Begin XCVersionGroup section */
		88B6B83524FD3389000E2F99 /* VirtualTourist.xcdatamodeld */ = {
			isa = XCVersionGroup;
			children = (
				88B6B83624FD3389000E2F99 /* VirtualTourist.xcdatamodel */,
			);
			currentVersion = 88B6B83624FD3389000E2F99 /* VirtualTourist.xcdatamodel */;
			path = VirtualTourist.xcdatamodeld;
			sourceTree = "<group>";
			versionGroupType = wrapper.xcdatamodel;
		};
/* End XCVersionGroup section */
	};
	rootObject = 883BA50324EC47570041A013 /* Project object */;
}
